
Microsoft Visual Studio Solution File, Format Version 12.00
# Visual Studio 15
Project("{FAE04EC0-301F-11D3-BF4B-00C04F79EFBC}") = "Unity.XR.Interaction.Toolkit.Samples.ARStarterAssets", "Unity.XR.Interaction.Toolkit.Samples.ARStarterAssets.csproj", "{D55FF18A-DC73-095A-B695-3E4D5A626214}"
EndProject
Project("{FAE04EC0-301F-11D3-BF4B-00C04F79EFBC}") = "Assembly-CSharp", "Assembly-CSharp.csproj", "{E8A2E42B-A370-8ED4-95A8-EE6DC0E4B9F1}"
EndProject
Project("{FAE04EC0-301F-11D3-BF4B-00C04F79EFBC}") = "Unity.XR.Interaction.Toolkit.Samples.ARStarterAssets.Editor", "Unity.XR.Interaction.Toolkit.Samples.ARStarterAssets.Editor.csproj", "{6A3F28A6-0CB6-F271-1A83-B5FCD7744A8E}"
EndProject
Project("{FAE04EC0-301F-11D3-BF4B-00C04F79EFBC}") = "Unity.XR.Interaction.Toolkit.Samples.StarterAssets", "Unity.XR.Interaction.Toolkit.Samples.StarterAssets.csproj", "{D9C299FB-C40A-DE50-5E06-837ADB98EF00}"
EndProject
Global
	GlobalSection(SolutionConfigurationPlatforms) = preSolution
		Debug|Any CPU = Debug|Any CPU
		Release|Any CPU = Release|Any CPU
	EndGlobalSection
	GlobalSection(ProjectConfigurationPlatforms) = postSolution
		{D55FF18A-DC73-095A-B695-3E4D5A626214}.Debug|Any CPU.ActiveCfg = Debug|Any CPU
		{D55FF18A-DC73-095A-B695-3E4D5A626214}.Debug|Any CPU.Build.0 = Debug|Any CPU
		{D55FF18A-DC73-095A-B695-3E4D5A626214}.Release|Any CPU.ActiveCfg = Release|Any CPU
		{D55FF18A-DC73-095A-B695-3E4D5A626214}.Release|Any CPU.Build.0 = Release|Any CPU
		{E8A2E42B-A370-8ED4-95A8-EE6DC0E4B9F1}.Debug|Any CPU.ActiveCfg = Debug|Any CPU
		{E8A2E42B-A370-8ED4-95A8-EE6DC0E4B9F1}.Debug|Any CPU.Build.0 = Debug|Any CPU
		{E8A2E42B-A370-8ED4-95A8-EE6DC0E4B9F1}.Release|Any CPU.ActiveCfg = Release|Any CPU
		{E8A2E42B-A370-8ED4-95A8-EE6DC0E4B9F1}.Release|Any CPU.Build.0 = Release|Any CPU
		{6A3F28A6-0CB6-F271-1A83-B5FCD7744A8E}.Debug|Any CPU.ActiveCfg = Debug|Any CPU
		{6A3F28A6-0CB6-F271-1A83-B5FCD7744A8E}.Debug|Any CPU.Build.0 = Debug|Any CPU
		{6A3F28A6-0CB6-F271-1A83-B5FCD7744A8E}.Release|Any CPU.ActiveCfg = Release|Any CPU
		{6A3F28A6-0CB6-F271-1A83-B5FCD7744A8E}.Release|Any CPU.Build.0 = Release|Any CPU
		{D9C299FB-C40A-DE50-5E06-837ADB98EF00}.Debug|Any CPU.ActiveCfg = Debug|Any CPU
		{D9C299FB-C40A-DE50-5E06-837ADB98EF00}.Debug|Any CPU.Build.0 = Debug|Any CPU
		{D9C299FB-C40A-DE50-5E06-837ADB98EF00}.Release|Any CPU.ActiveCfg = Release|Any CPU
		{D9C299FB-C40A-DE50-5E06-837ADB98EF00}.Release|Any CPU.Build.0 = Release|Any CPU
	EndGlobalSection
	GlobalSection(SolutionProperties) = preSolution
		HideSolutionNode = FALSE
	EndGlobalSection
EndGlobal
